
Microsoft Visual Studio Solution File, Format Version 12.00
# Visual Studio 15
VisualStudioVersion = 15.0.28010.2026
MinimumVisualStudioVersion = 10.0.40219.1
Project("{FAE04EC0-301F-11D3-BF4B-00C04F79EFBC}") = "ProyectoPrueba", "ProyectoPrueba\ProyectoPrueba.csproj", "{CAA865C2-1520-40BB-9B8A-1645C758FEE8}"
EndProject
Global
	GlobalSection(SolutionConfigurationPlatforms) = preSolution
		Debug|Any CPU = Debug|Any CPU
		Release|Any CPU = Release|Any CPU
	EndGlobalSection
	GlobalSection(ProjectConfigurationPlatforms) = postSolution
		{CAA865C2-1520-40BB-9B8A-1645C758FEE8}.Debug|Any CPU.ActiveCfg = Debug|Any CPU
		{CAA865C2-1520-40BB-9B8A-1645C758FEE8}.Debug|Any CPU.Build.0 = Debug|Any CPU
		{CAA865C2-1520-40BB-9B8A-1645C758FEE8}.Release|Any CPU.ActiveCfg = Release|Any CPU
		{CAA865C2-1520-40BB-9B8A-1645C758FEE8}.Release|Any CPU.Build.0 = Release|Any CPU
	EndGlobalSection
	GlobalSection(SolutionProperties) = preSolution
		HideSolutionNode = FALSE
	EndGlobalSection
	GlobalSection(ExtensibilityGlobals) = postSolution
		SolutionGuid = {8A3CAB3A-B958-429E-9984-EAB8098CB3E4}
	EndGlobalSection
EndGlobal
